
Microsoft Visual Studio Solution File, Format Version 12.00
# Visual Studio Version 16
VisualStudioVersion = 16.0.29613.14
MinimumVisualStudioVersion = 10.0.40219.1
Project("{FAE04EC0-301F-11D3-BF4B-00C04F79EFBC}") = "HL2ChallengeGenerator", "HL2ChallengeGenerator.csproj", "{4A8718BF-66F6-434B-8B2C-4948C34BA2EC}"
EndProject
Project("{FAE04EC0-301F-11D3-BF4B-00C04F79EFBC}") = "HL2ChallengeIndex", "..\HL2ChallengeIndex\HL2ChallengeIndex.csproj", "{8CEA7637-E8F4-4E16-A340-24C6F4253CCC}"
EndProject
Project("{FAE04EC0-301F-11D3-BF4B-00C04F79EFBC}") = "PartialMeowcatXLib", "..\PartialMeowcatXLib\PartialMeowcatXLib.csproj", "{9805048C-32BB-4BFC-94A7-77AAF637BC36}"
EndProject
Global
	GlobalSection(SolutionConfigurationPlatforms) = preSolution
		Debug|Any CPU = Debug|Any CPU
		Release|Any CPU = Release|Any CPU
	EndGlobalSection
	GlobalSection(ProjectConfigurationPlatforms) = postSolution
		{4A8718BF-66F6-434B-8B2C-4948C34BA2EC}.Debug|Any CPU.ActiveCfg = Debug|Any CPU
		{4A8718BF-66F6-434B-8B2C-4948C34BA2EC}.Debug|Any CPU.Build.0 = Debug|Any CPU
		{4A8718BF-66F6-434B-8B2C-4948C34BA2EC}.Release|Any CPU.ActiveCfg = Release|Any CPU
		{4A8718BF-66F6-434B-8B2C-4948C34BA2EC}.Release|Any CPU.Build.0 = Release|Any CPU
		{8CEA7637-E8F4-4E16-A340-24C6F4253CCC}.Debug|Any CPU.ActiveCfg = Debug|Any CPU
		{8CEA7637-E8F4-4E16-A340-24C6F4253CCC}.Debug|Any CPU.Build.0 = Debug|Any CPU
		{8CEA7637-E8F4-4E16-A340-24C6F4253CCC}.Release|Any CPU.ActiveCfg = Release|Any CPU
		{8CEA7637-E8F4-4E16-A340-24C6F4253CCC}.Release|Any CPU.Build.0 = Release|Any CPU
		{9805048C-32BB-4BFC-94A7-77AAF637BC36}.Debug|Any CPU.ActiveCfg = Debug|Any CPU
		{9805048C-32BB-4BFC-94A7-77AAF637BC36}.Debug|Any CPU.Build.0 = Debug|Any CPU
		{9805048C-32BB-4BFC-94A7-77AAF637BC36}.Release|Any CPU.ActiveCfg = Release|Any CPU
		{9805048C-32BB-4BFC-94A7-77AAF637BC36}.Release|Any CPU.Build.0 = Release|Any CPU
	EndGlobalSection
	GlobalSection(SolutionProperties) = preSolution
		HideSolutionNode = FALSE
	EndGlobalSection
	GlobalSection(ExtensibilityGlobals) = postSolution
		SolutionGuid = {070D1172-DF66-4294-82CA-28992A176F07}
	EndGlobalSection
EndGlobal
